annotated-types==0.7.0
ast_serialize==0.6.0
astroid==4.0.4
backports.zstd==1.7.0
black==26.5.1
bleak==3.0.2
blinker==1.9.0
boolean.py==5.0
branca==0.8.2
brotli==1.2.0
build==1.6.1
CacheControl==0.14.4
certifi==2026.6.17
cffi==2.0.0
charset-normalizer==3.4.7
click==8.4.2
coverage==7.15.0
cryptography==50.0.0
cyclonedx-python-lib==11.12.0
dbus-fast==5.0.22
defusedxml==0.7.1
dill==0.4.1
-e git+https://github.com/DynoGator/dslv-zpdi.git@1031585c86e9fe06b7e1929d319d6534309ed25c#egg=dslv_zpdi
filelock==4.0.1
Flask==3.1.3
Flask-Compress==1.25
folium==0.20.0
h5py==3.16.0
idna==3.18
iniconfig==2.3.0
isort==8.0.1
itsdangerous==2.2.0
Jinja2==3.1.6
librt==0.12.0
license-expression==30.4.4
markdown-it-py==4.2.0
MarkupSafe==3.0.3
mccabe==0.7.0
mdurl==0.1.2
msgpack==1.2.2
mypy==2.1.0
mypy_extensions==1.1.0
numpy==2.4.6
packageurl-python==0.17.6
packaging==26.2
pathspec==1.1.1
pip-requirements-parser==32.0.1
pip-tools==7.6.1
pip_api==0.0.35
pip_audit==2.10.1
platformdirs==4.10.0
pluggy==1.6.0
psutil==7.2.2
py-serializable==2.1.0
pyadi-iio==0.0.21
pycparser==3.0
pydantic==2.13.4
pydantic_core==2.46.4
pyfiglet==1.0.4
Pygments==2.20.0
pylibiio==0.25
pylint==4.0.6
pyparsing==3.3.3
pyproject_hooks==1.3.3
pyserial==3.5
pytest==9.1.1
pytest-asyncio==1.4.0
pytest-cov==7.1.0
python-json-logger==4.1.0
pytokens==0.4.1
PyYAML==6.0.3
requests==2.34.2
rich==15.0.0
ruff==0.15.20
scipy==1.17.1
setuptools==84.0.0
smbus2==0.6.1
sortedcontainers==2.4.0
tomli==2.4.1
tomli_w==1.2.0
tomlkit==0.15.0
typing-inspection==0.4.2
typing_extensions==4.16.0
urllib3==2.7.0
websockets==16.0
Werkzeug==3.1.8
wheel==0.48.0
xyzservices==2026.3.0
